// !$*UTF8*$!
{
	archiveVersion = 1;
	classes = {
	};
	objectVersion = 50;
	objects = {

/* Begin PBXBuildFile section */
		84328FA3256EE82800A5A19B /* PresentationController.swift in Sources */ = {isa = PBXBuildFile; fileRef = 84328FA2256EE82800A5A19B /* PresentationController.swift */; };
		84C0179B256D600F0044177E /* SecondViewController.swift in Sources */ = {isa = PBXBuildFile; fileRef = 84C0179A256D600F0044177E /* SecondViewController.swift */; };
		84C0179F256D88380044177E /* TransitionDelegate.swift in Sources */ = {isa = PBXBuildFile; fileRef = 84C0179E256D88380044177E /* TransitionDelegate.swift */; };
		84C017A2256D88990044177E /* AnimatorTransitioning.swift in Sources */ = {isa = PBXBuildFile; fileRef = 84C017A1256D88990044177E /* AnimatorTransitioning.swift */; };
		84D4F24D24E574C200718D9F /* AppDelegate.swift in Sources */ = {isa = PBXBuildFile; fileRef = 84D4F24C24E574C200718D9F /* AppDelegate.swift */; };
		84D4F24F24E574C200718D9F /* SceneDelegate.swift in Sources */ = {isa = PBXBuildFile; fileRef = 84D4F24E24E574C200718D9F /* SceneDelegate.swift */; };
		84D4F25124E574C200718D9F /* ViewController.swift in Sources */ = {isa = PBXBuildFile; fileRef = 84D4F25024E574C200718D9F /* ViewController.swift */; };
		84D4F25424E574C200718D9F /* Main.storyboard in Resources */ = {isa = PBXBuildFile; fileRef = 84D4F25224E574C200718D9F /* Main.storyboard */; };
		84D4F25624E574C400718D9F /* Assets.xcassets in Resources */ = {isa = PBXBuildFile; fileRef = 84D4F25524E574C400718D9F /* Assets.xcassets */; };
		84D4F25924E574C400718D9F /* LaunchScreen.storyboard in Resources */ = {isa = PBXBuildFile; fileRef = 84D4F25724E574C400718D9F /* LaunchScreen.storyboard */; };
		84D9E444256E7C34004B7FD4 /* AnimateButton.swift in Sources */ = {isa = PBXBuildFile; fileRef = 84D9E443256E7C34004B7FD4 /* AnimateButton.swift */; };
		84EBB3E2256FB24E00858E79 /* CustomVIew.swift in Sources */ = {isa = PBXBuildFile; fileRef = 84EBB3E1256FB24E00858E79 /* CustomVIew.swift */; };
		84EBB3E5256FB9BE00858E79 /* CustomButton.swift in Sources */ = {isa = PBXBuildFile; fileRef = 84EBB3E4256FB9BE00858E79 /* CustomButton.swift */; };
		84EBB3E8256FBD9300858E79 /* SecondVIew.swift in Sources */ = {isa = PBXBuildFile; fileRef = 84EBB3E7256FBD9300858E79 /* SecondVIew.swift */; };
/* End PBXBuildFile section */

/* Begin PBXFileReference section */
		84328FA2256EE82800A5A19B /* PresentationController.swift */ = {isa = PBXFileReference; lastKnownFileType = sourcecode.swift; path = PresentationController.swift; sourceTree = "<group>"; };
		84C0179A256D600F0044177E /* SecondViewController.swift */ = {isa = PBXFileReference; lastKnownFileType = sourcecode.swift; path = SecondViewController.swift; sourceTree = "<group>"; };
		84C0179E256D88380044177E /* TransitionDelegate.swift */ = {isa = PBXFileReference; lastKnownFileType = sourcecode.swift; path = TransitionDelegate.swift; sourceTree = "<group>"; };
		84C017A1256D88990044177E /* AnimatorTransitioning.swift */ = {isa = PBXFileReference; lastKnownFileType = sourcecode.swift; path = AnimatorTransitioning.swift; sourceTree = "<group>"; };
		84D4F24924E574C200718D9F /* QuizApp.app */ = {isa = PBXFileReference; explicitFileType = wrapper.application; includeInIndex = 0; path = QuizApp.app; sourceTree = BUILT_PRODUCTS_DIR; };
		84D4F24C24E574C200718D9F /* AppDelegate.swift */ = {isa = PBXFileReference; lastKnownFileType = sourcecode.swift; path = AppDelegate.swift; sourceTree = "<group>"; };
		84D4F24E24E574C200718D9F /* SceneDelegate.swift */ = {isa = PBXFileReference; lastKnownFileType = sourcecode.swift; path = SceneDelegate.swift; sourceTree = "<group>"; };
		84D4F25024E574C200718D9F /* ViewController.swift */ = {isa = PBXFileReference; lastKnownFileType = sourcecode.swift; path = ViewController.swift; sourceTree = "<group>"; };
		84D4F25324E574C200718D9F /* Base */ = {isa = PBXFileReference; lastKnownFileType = file.storyboard; name = Base; path = Base.lproj/Main.storyboard; sourceTree = "<group>"; };
		84D4F25524E574C400718D9F /* Assets.xcassets */ = {isa = PBXFileReference; lastKnownFileType = folder.assetcatalog; path = Assets.xcassets; sourceTree = "<group>"; };
		84D4F25824E574C400718D9F /* Base */ = {isa = PBXFileReference; lastKnownFileType = file.storyboard; name = Base; path = Base.lproj/LaunchScreen.storyboard; sourceTree = "<group>"; };
		84D4F25A24E574C400718D9F /* Info.plist */ = {isa = PBXFileReference; lastKnownFileType = text.plist.xml; path = Info.plist; sourceTree = "<group>"; };
		84D9E443256E7C34004B7FD4 /* AnimateButton.swift */ = {isa = PBXFileReference; lastKnownFileType = sourcecode.swift; path = AnimateButton.swift; sourceTree = "<group>"; };
		84EBB3E1256FB24E00858E79 /* CustomVIew.swift */ = {isa = PBXFileReference; lastKnownFileType = sourcecode.swift; path = CustomVIew.swift; sourceTree = "<group>"; };
		84EBB3E4256FB9BE00858E79 /* CustomButton.swift */ = {isa = PBXFileReference; lastKnownFileType = sourcecode.swift; path = CustomButton.swift; sourceTree = "<group>"; };
		84EBB3E7256FBD9300858E79 /* SecondVIew.swift */ = {isa = PBXFileReference; lastKnownFileType = sourcecode.swift; path = SecondVIew.swift; sourceTree = "<group>"; };
/* End PBXFileReference section */

/* Begin PBXFrameworksBuildPhase section */
		84D4F24624E574C200718D9F /* Frameworks */ = {
			isa = PBXFrameworksBuildPhase;
			buildActionMask = 2147483647;
			files = (
			);
			runOnlyForDeploymentPostprocessing = 0;
		};
/* End PBXFrameworksBuildPhase section */

/* Begin PBXGroup section */
		84D4F24024E574C200718D9F = {
			isa = PBXGroup;
			children = (
				84D4F24B24E574C200718D9F /* QuizApp */,
				84D4F24A24E574C200718D9F /* Products */,
			);
			sourceTree = "<group>";
		};
		84D4F24A24E574C200718D9F /* Products */ = {
			isa = PBXGroup;
			children = (
				84D4F24924E574C200718D9F /* QuizApp.app */,
			);
			name = Products;
			sourceTree = "<group>";
		};
		84D4F24B24E574C200718D9F /* QuizApp */ = {
			isa = PBXGroup;
			children = (
				84D4F24C24E574C200718D9F /* AppDelegate.swift */,
				84D4F24E24E574C200718D9F /* SceneDelegate.swift */,
				84D4F25024E574C200718D9F /* ViewController.swift */,
				84D4F25224E574C200718D9F /* Main.storyboard */,
				84D4F25524E574C400718D9F /* Assets.xcassets */,
				84D4F25724E574C400718D9F /* LaunchScreen.storyboard */,
				84D4F25A24E574C400718D9F /* Info.plist */,
				84C0179A256D600F0044177E /* SecondViewController.swift */,
				84C0179E256D88380044177E /* TransitionDelegate.swift */,
				84C017A1256D88990044177E /* AnimatorTransitioning.swift */,
				84D9E443256E7C34004B7FD4 /* AnimateButton.swift */,
				84328FA2256EE82800A5A19B /* PresentationController.swift */,
				84EBB3E1256FB24E00858E79 /* CustomVIew.swift */,
				84EBB3E4256FB9BE00858E79 /* CustomButton.swift */,
				84EBB3E7256FBD9300858E79 /* SecondVIew.swift */,
			);
			path = QuizApp;
			sourceTree = "<group>";
		};
/* End PBXGroup section */

/* Begin PBXNativeTarget section */
		84D4F24824E574C200718D9F /* QuizApp */ = {
			isa = PBXNativeTarget;
			buildConfigurationList = 84D4F25D24E574C400718D9F /* Build configuration list for PBXNativeTarget "QuizApp" */;
			buildPhases = (
				84D4F24524E574C200718D9F /* Sources */,
				84D4F24624E574C200718D9F /* Frameworks */,
				84D4F24724E574C200718D9F /* Resources */,
			);
			buildRules = (
			);
			dependencies = (
			);
			name = QuizApp;
			productName = QuizApp;
			productReference = 84D4F24924E574C200718D9F /* QuizApp.app */;
			productType = "com.apple.product-type.application";
		};
/* End PBXNativeTarget section */

/* Begin PBXProject section */
		84D4F24124E574C200718D9F /* Project object */ = {
			isa = PBXProject;
			attributes = {
				LastSwiftUpdateCheck = 1160;
				LastUpgradeCheck = 1160;
				ORGANIZATIONNAME = Admin;
				TargetAttributes = {
					84D4F24824E574C200718D9F = {
						CreatedOnToolsVersion = 11.6;
					};
				};
			};
			buildConfigurationList = 84D4F24424E574C200718D9F /* Build configuration list for PBXProject "QuizApp" */;
			compatibilityVersion = "Xcode 9.3";
			developmentRegion = en;
			hasScannedForEncodings = 0;
			knownRegions = (
				en,
				Base,
			);
			mainGroup = 84D4F24024E574C200718D9F;
			productRefGroup = 84D4F24A24E574C200718D9F /* Products */;
			projectDirPath = "";
			projectRoot = "";
			targets = (
				84D4F24824E574C200718D9F /* QuizApp */,
			);
		};
/* End PBXProject section */

/* Begin PBXResourcesBuildPhase section */
		84D4F24724E574C200718D9F /* Resources */ = {
			isa = PBXResourcesBuildPhase;
			buildActionMask = 2147483647;
			files = (
				84D4F25924E574C400718D9F /* LaunchScreen.storyboard in Resources */,
				84D4F25624E574C400718D9F /* Assets.xcassets in Resources */,
				84D4F25424E574C200718D9F /* Main.storyboard in Resources */,
			);
			runOnlyForDeploymentPostprocessing = 0;
		};
/* End PBXResourcesBuildPhase section */

/* Begin PBXSourcesBuildPhase section */
		84D4F24524E574C200718D9F /* Sources */ = {
			isa = PBXSourcesBuildPhase;
			buildActionMask = 2147483647;
			files = (
				84C017A2256D88990044177E /* AnimatorTransitioning.swift in Sources */,
				84D9E444256E7C34004B7FD4 /* AnimateButton.swift in Sources */,
				84EBB3E2256FB24E00858E79 /* CustomVIew.swift in Sources */,
				84C0179B256D600F0044177E /* SecondViewController.swift in Sources */,
				84EBB3E5256FB9BE00858E79 /* CustomButton.swift in Sources */,
				84C0179F256D88380044177E /* TransitionDelegate.swift in Sources */,
				84D4F25124E574C200718D9F /* ViewController.swift in Sources */,
				84D4F24D24E574C200718D9F /* AppDelegate.swift in Sources */,
				84D4F24F24E574C200718D9F /* SceneDelegate.swift in Sources */,
				84EBB3E8256FBD9300858E79 /* SecondVIew.swift in Sources */,
				84328FA3256EE82800A5A19B /* PresentationController.swift in Sources */,
			);
			runOnlyForDeploymentPostprocessing = 0;
		};
/* End PBXSourcesBuildPhase section */

/* Begin PBXVariantGroup section */
		84D4F25224E574C200718D9F /* Main.storyboard */ = {
			isa = PBXVariantGroup;
			children = (
				84D4F25324E574C200718D9F /* Base */,
			);
			name = Main.storyboard;
			sourceTree = "<group>";
		};
		84D4F25724E574C400718D9F /* LaunchScreen.storyboard */ = {
			isa = PBXVariantGroup;
			children = (
				84D4F25824E574C400718D9F /* Base */,
			);
			name = LaunchScreen.storyboard;
			sourceTree = "<group>";
		};
/* End PBXVariantGroup section */

/* Begin XCBuildConfiguration section */
		84D4F25B24E574C400718D9F /* Debug */ = {
			isa = XCBuildConfiguration;
			buildSettings = {
				ALWAYS_SEARCH_USER_PATHS = NO;
				CLANG_ANALYZER_NONNULL = YES;
				CLANG_ANALYZER_NUMBER_OBJECT_CONVERSION = YES_AGGRESSIVE;
				CLANG_CXX_LANGUAGE_STANDARD = "gnu++14";
				CLANG_CXX_LIBRARY = "libc++";
				CLANG_ENABLE_MODULES = YES;
				CLANG_ENABLE_OBJC_ARC = YES;
				CLANG_ENABLE_OBJC_WEAK = YES;
				CLANG_WARN_BLOCK_CAPTURE_AUTORELEASING = YES;
				CLANG_WARN_BOOL_CONVERSION = YES;
				CLANG_WARN_COMMA = YES;
				CLANG_WARN_CONSTANT_CONVERSION = YES;
				CLANG_WARN_DEPRECATED_OBJC_IMPLEMENTATIONS = YES;
				CLANG_WARN_DIRECT_OBJC_ISA_USAGE = YES_ERROR;
				CLANG_WARN_DOCUMENTATION_COMMENTS = YES;
				CLANG_WARN_EMPTY_BODY = YES;
				CLANG_WARN_ENUM_CONVERSION = YES;
				CLANG_WARN_INFINITE_RECURSION = YES;
				CLANG_WARN_INT_CONVERSION = YES;
				CLANG_WARN_NON_LITERAL_NULL_CONVERSION = YES;
				CLANG_WARN_OBJC_IMPLICIT_RETAIN_SELF = YES;
				CLANG_WARN_OBJC_LITERAL_CONVERSION = YES;
				CLANG_WARN_OBJC_ROOT_CLASS = YES_ERROR;
				CLANG_WARN_RANGE_LOOP_ANALYSIS = YES;
				CLANG_WARN_STRICT_PROTOTYPES = YES;
				CLANG_WARN_SUSPICIOUS_MOVE = YES;
				CLANG_WARN_UNGUARDED_AVAILABILITY = YES_AGGRESSIVE;
				CLANG_WARN_UNREACHABLE_CODE = YES;
				CLANG_WARN__DUPLICATE_METHOD_MATCH = YES;
				COPY_PHASE_STRIP = NO;
				DEBUG_INFORMATION_FORMAT = dwarf;
				ENABLE_STRICT_OBJC_MSGSEND = YES;
				ENABLE_TESTABILITY = YES;
				GCC_C_LANGUAGE_STANDARD = gnu11;
				GCC_DYNAMIC_NO_PIC = NO;
				GCC_NO_COMMON_BLOCKS = YES;
				GCC_OPTIMIZATION_LEVEL = 0;
				GCC_PREPROCESSOR_DEFINITIONS = (
					"DEBUG=1",
					"$(inherited)",
				);
				GCC_WARN_64_TO_32_BIT_CONVERSION = YES;
				GCC_WARN_ABOUT_RETURN_TYPE = YES_ERROR;
				GCC_WARN_UNDECLARED_SELECTOR = YES;
				GCC_WARN_UNINITIALIZED_AUTOS = YES_AGGRESSIVE;
				GCC_WARN_UNUSED_FUNCTION = YES;
				GCC_WARN_UNUSED_VARIABLE = YES;
				IPHONEOS_DEPLOYMENT_TARGET = 13.6;
				MTL_ENABLE_DEBUG_INFO = INCLUDE_SOURCE;
				MTL_FAST_MATH = YES;
				ONLY_ACTIVE_ARCH = YES;
				SDKROOT = iphoneos;
				SWIFT_ACTIVE_COMPILATION_CONDITIONS = DEBUG;
				SWIFT_OPTIMIZATION_LEVEL = "-Onone";
			};
			name = Debug;
		};
		84D4F25C24E574C400718D9F /* Release */ = {
			isa = XCBuildConfiguration;
			buildSettings = {
				ALWAYS_SEARCH_USER_PATHS = NO;
				CLANG_ANALYZER_NONNULL = YES;
				CLANG_ANALYZER_NUMBER_OBJECT_CONVERSION = YES_AGGRESSIVE;
				CLANG_CXX_LANGUAGE_STANDARD = "gnu++14";
				CLANG_CXX_LIBRARY = "libc++";
				CLANG_ENABLE_MODULES = YES;
				CLANG_ENABLE_OBJC_ARC = YES;
				CLANG_ENABLE_OBJC_WEAK = YES;
				CLANG_WARN_BLOCK_CAPTURE_AUTORELEASING = YES;
				CLANG_WARN_BOOL_CONVERSION = YES;
				CLANG_WARN_COMMA = YES;
				CLANG_WARN_CONSTANT_CONVERSION = YES;
				CLANG_WARN_DEPRECATED_OBJC_IMPLEMENTATIONS = YES;
				CLANG_WARN_DIRECT_OBJC_ISA_USAGE = YES_ERROR;
				CLANG_WARN_DOCUMENTATION_COMMENTS = YES;
				CLANG_WARN_EMPTY_BODY = YES;
				CLANG_WARN_ENUM_CONVERSION = YES;
				CLANG_WARN_INFINITE_RECURSION = YES;
				CLANG_WARN_INT_CONVERSION = YES;
				CLANG_WARN_NON_LITERAL_NULL_CONVERSION = YES;
				CLANG_WARN_OBJC_IMPLICIT_RETAIN_SELF = YES;
				CLANG_WARN_OBJC_LITERAL_CONVERSION = YES;
				CLANG_WARN_OBJC_ROOT_CLASS = YES_ERROR;
				CLANG_WARN_RANGE_LOOP_ANALYSIS = YES;
				CLANG_WARN_STRICT_PROTOTYPES = YES;
				CLANG_WARN_SUSPICIOUS_MOVE = YES;
				CLANG_WARN_UNGUARDED_AVAILABILITY = YES_AGGRESSIVE;
				CLANG_WARN_UNREACHABLE_CODE = YES;
				CLANG_WARN__DUPLICATE_METHOD_MATCH = YES;
				COPY_PHASE_STRIP = NO;
				DEBUG_INFORMATION_FORMAT = "dwarf-with-dsym";
				ENABLE_NS_ASSERTIONS = NO;
				ENABLE_STRICT_OBJC_MSGSEND = YES;
				GCC_C_LANGUAGE_STANDARD = gnu11;
				GCC_NO_COMMON_BLOCKS = YES;
				GCC_WARN_64_TO_32_BIT_CONVERSION = YES;
				GCC_WARN_ABOUT_RETURN_TYPE = YES_ERROR;
				GCC_WARN_UNDECLARED_SELECTOR = YES;
				GCC_WARN_UNINITIALIZED_AUTOS = YES_AGGRESSIVE;
				GCC_WARN_UNUSED_FUNCTION = YES;
				GCC_WARN_UNUSED_VARIABLE = YES;
				IPHONEOS_DEPLOYMENT_TARGET = 13.6;
				MTL_ENABLE_DEBUG_INFO = NO;
				MTL_FAST_MATH = YES;
				SDKROOT = iphoneos;
				SWIFT_COMPILATION_MODE = wholemodule;
				SWIFT_OPTIMIZATION_LEVEL = "-O";
				VALIDATE_PRODUCT = YES;
			};
			name = Release;
		};
		84D4F25E24E574C400718D9F /* Debug */ = {
			isa = XCBuildConfiguration;
			buildSettings = {
				ASSETCATALOG_COMPILER_APPICON_NAME = AppIcon;
				CODE_SIGN_STYLE = Automatic;
				DEVELOPMENT_TEAM = URTF63URRB;
				INFOPLIST_FILE = QuizApp/Info.plist;
				LD_RUNPATH_SEARCH_PATHS = (
					"$(inherited)",
					"@executable_path/Frameworks",
				);
				PRODUCT_BUNDLE_IDENTIFIER = com.Rabbit13245.QuizApp;
				PRODUCT_NAME = "$(TARGET_NAME)";
				SWIFT_VERSION = 5.0;
				TARGETED_DEVICE_FAMILY = "1,2";
			};
			name = Debug;
		};
		84D4F25F24E574C400718D9F /* Release */ = {
			isa = XCBuildConfiguration;
			buildSettings = {
				ASSETCATALOG_COMPILER_APPICON_NAME = AppIcon;
				CODE_SIGN_STYLE = Automatic;
				DEVELOPMENT_TEAM = URTF63URRB;
				INFOPLIST_FILE = QuizApp/Info.plist;
				LD_RUNPATH_SEARCH_PATHS = (
					"$(inherited)",
					"@executable_path/Frameworks",
				);
				PRODUCT_BUNDLE_IDENTIFIER = com.Rabbit13245.QuizApp;
				PRODUCT_NAME = "$(TARGET_NAME)";
				SWIFT_VERSION = 5.0;
				TARGETED_DEVICE_FAMILY = "1,2";
			};
			name = Release;
		};
/* End XCBuildConfiguration section */

/* Begin XCConfigurationList section */
		84D4F24424E574C200718D9F /* Build configuration list for PBXProject "QuizApp" */ = {
			isa = XCConfigurationList;
			buildConfigurations = (
				84D4F25B24E574C400718D9F /* Debug */,
				84D4F25C24E574C400718D9F /* Release */,
			);
			defaultConfigurationIsVisible = 0;
			defaultConfigurationName = Release;
		};
		84D4F25D24E574C400718D9F /* Build configuration list for PBXNativeTarget "QuizApp" */ = {
			isa = XCConfigurationList;
			buildConfigurations = (
				84D4F25E24E574C400718D9F /* Debug */,
				84D4F25F24E574C400718D9F /* Release */,
			);
			defaultConfigurationIsVisible = 0;
			defaultConfigurationName = Release;
		};
/* End XCConfigurationList section */
	};
	rootObject = 84D4F24124E574C200718D9F /* Project object */;
}
